
Microsoft Visual Studio Solution File, Format Version 12.00
# Visual Studio 14
VisualStudioVersion = 14.0.25420.1
MinimumVisualStudioVersion = 10.0.40219.1
Project("{FAE04EC0-301F-11D3-BF4B-00C04F79EFBC}") = "Rosette.NET", "Client\Rosette.NET.csproj", "{CD9BCAC4-626A-4DAF-8567-CE8A1D4EF812}"
	ProjectSection(ProjectDependencies) = postProject
		{EE28AD1E-6020-4E40-91DC-E07C765B3856} = {EE28AD1E-6020-4E40-91DC-E07C765B3856}
	EndProjectSection
EndProject
Project("{F2A71F9B-5D33-465A-A702-920D77279786}") = "RosetteApi", "RosetteApi\RosetteApi.fsproj", "{EE28AD1E-6020-4E40-91DC-E07C765B3856}"
EndProject
Global
	GlobalSection(SolutionConfigurationPlatforms) = preSolution
		Debug|Any CPU = Debug|Any CPU
		Release|Any CPU = Release|Any CPU
	EndGlobalSection
	GlobalSection(ProjectConfigurationPlatforms) = postSolution
		{CD9BCAC4-626A-4DAF-8567-CE8A1D4EF812}.Debug|Any CPU.ActiveCfg = Debug|Any CPU
		{CD9BCAC4-626A-4DAF-8567-CE8A1D4EF812}.Debug|Any CPU.Build.0 = Debug|Any CPU
		{CD9BCAC4-626A-4DAF-8567-CE8A1D4EF812}.Release|Any CPU.ActiveCfg = Release|Any CPU
		{CD9BCAC4-626A-4DAF-8567-CE8A1D4EF812}.Release|Any CPU.Build.0 = Release|Any CPU
		{EE28AD1E-6020-4E40-91DC-E07C765B3856}.Debug|Any CPU.ActiveCfg = Debug|Any CPU
		{EE28AD1E-6020-4E40-91DC-E07C765B3856}.Debug|Any CPU.Build.0 = Debug|Any CPU
		{EE28AD1E-6020-4E40-91DC-E07C765B3856}.Release|Any CPU.ActiveCfg = Release|Any CPU
		{EE28AD1E-6020-4E40-91DC-E07C765B3856}.Release|Any CPU.Build.0 = Release|Any CPU
	EndGlobalSection
	GlobalSection(SolutionProperties) = preSolution
		HideSolutionNode = FALSE
	EndGlobalSection
EndGlobal
